// !$*UTF8*$!
{
	archiveVersion = 1;
	classes = {
	};
	objectVersion = 50;
	objects = {

/* Begin PBXBuildFile section */
		B0A65C2E2421E85400B8DA44 /* AppDelegate.swift in Sources */ = {isa = PBXBuildFile; fileRef = B0A65C2D2421E85400B8DA44 /* AppDelegate.swift */; };
		B0A65C302421E85400B8DA44 /* SceneDelegate.swift in Sources */ = {isa = PBXBuildFile; fileRef = B0A65C2F2421E85400B8DA44 /* SceneDelegate.swift */; };
		B0A65C322421E85400B8DA44 /* ViewController.swift in Sources */ = {isa = PBXBuildFile; fileRef = B0A65C312421E85400B8DA44 /* ViewController.swift */; };
		B0A65C352421E85400B8DA44 /* Main.storyboard in Resources */ = {isa = PBXBuildFile; fileRef = B0A65C332421E85400B8DA44 /* Main.storyboard */; };
		B0A65C382421E85400B8DA44 /* StockRaven.xcdatamodeld in Sources */ = {isa = PBXBuildFile; fileRef = B0A65C362421E85400B8DA44 /* StockRaven.xcdatamodeld */; };
		B0A65C3A2421E85700B8DA44 /* Assets.xcassets in Resources */ = {isa = PBXBuildFile; fileRef = B0A65C392421E85700B8DA44 /* Assets.xcassets */; };
		B0A65C3D2421E85700B8DA44 /* LaunchScreen.storyboard in Resources */ = {isa = PBXBuildFile; fileRef = B0A65C3B2421E85700B8DA44 /* LaunchScreen.storyboard */; };
/* End PBXBuildFile section */

/* Begin PBXFileReference section */
		B0A65C2A2421E85400B8DA44 /* StockRaven.app */ = {isa = PBXFileReference; explicitFileType = wrapper.application; includeInIndex = 0; path = StockRaven.app; sourceTree = BUILT_PRODUCTS_DIR; };
		B0A65C2D2421E85400B8DA44 /* AppDelegate.swift */ = {isa = PBXFileReference; lastKnownFileType = sourcecode.swift; path = AppDelegate.swift; sourceTree = "<group>"; };
		B0A65C2F2421E85400B8DA44 /* SceneDelegate.swift */ = {isa = PBXFileReference; lastKnownFileType = sourcecode.swift; path = SceneDelegate.swift; sourceTree = "<group>"; };
		B0A65C312421E85400B8DA44 /* ViewController.swift */ = {isa = PBXFileReference; lastKnownFileType = sourcecode.swift; path = ViewController.swift; sourceTree = "<group>"; };
		B0A65C342421E85400B8DA44 /* Base */ = {isa = PBXFileReference; lastKnownFileType = file.storyboard; name = Base; path = Base.lproj/Main.storyboard; sourceTree = "<group>"; };
		B0A65C372421E85400B8DA44 /* StockRaven.xcdatamodel */ = {isa = PBXFileReference; lastKnownFileType = wrapper.xcdatamodel; path = StockRaven.xcdatamodel; sourceTree = "<group>"; };
		B0A65C392421E85700B8DA44 /* Assets.xcassets */ = {isa = PBXFileReference; lastKnownFileType = folder.assetcatalog; path = Assets.xcassets; sourceTree = "<group>"; };
		B0A65C3C2421E85700B8DA44 /* Base */ = {isa = PBXFileReference; lastKnownFileType = file.storyboard; name = Base; path = Base.lproj/LaunchScreen.storyboard; sourceTree = "<group>"; };
		B0A65C3E2421E85700B8DA44 /* Info.plist */ = {isa = PBXFileReference; lastKnownFileType = text.plist.xml; path = Info.plist; sourceTree = "<group>"; };
/* End PBXFileReference section */

/* Begin PBXFrameworksBuildPhase section */
		B0A65C272421E85400B8DA44 /* Frameworks */ = {
			isa = PBXFrameworksBuildPhase;
			buildActionMask = 2147483647;
			files = (
			);
			runOnlyForDeploymentPostprocessing = 0;
		};
/* End PBXFrameworksBuildPhase section */

/* Begin PBXGroup section */
		B0A65C212421E85400B8DA44 = {
			isa = PBXGroup;
			children = (
				B0A65C2C2421E85400B8DA44 /* StockRaven */,
				B0A65C2B2421E85400B8DA44 /* Products */,
			);
			sourceTree = "<group>";
		};
		B0A65C2B2421E85400B8DA44 /* Products */ = {
			isa = PBXGroup;
			children = (
				B0A65C2A2421E85400B8DA44 /* StockRaven.app */,
			);
			name = Products;
			sourceTree = "<group>";
		};
		B0A65C2C2421E85400B8DA44 /* StockRaven */ = {
			isa = PBXGroup;
			children = (
				B0A65C2D2421E85400B8DA44 /* AppDelegate.swift */,
				B0A65C2F2421E85400B8DA44 /* SceneDelegate.swift */,
				B0A65C312421E85400B8DA44 /* ViewController.swift */,
				B0A65C332421E85400B8DA44 /* Main.storyboard */,
				B0A65C392421E85700B8DA44 /* Assets.xcassets */,
				B0A65C3B2421E85700B8DA44 /* LaunchScreen.storyboard */,
				B0A65C3E2421E85700B8DA44 /* Info.plist */,
				B0A65C362421E85400B8DA44 /* StockRaven.xcdatamodeld */,
			);
			path = StockRaven;
			sourceTree = "<group>";
		};
/* End PBXGroup section */

/* Begin PBXNativeTarget section */
		B0A65C292421E85400B8DA44 /* StockRaven */ = {
			isa = PBXNativeTarget;
			buildConfigurationList = B0A65C412421E85700B8DA44 /* Build configuration list for PBXNativeTarget "StockRaven" */;
			buildPhases = (
				B0A65C262421E85400B8DA44 /* Sources */,
				B0A65C272421E85400B8DA44 /* Frameworks */,
				B0A65C282421E85400B8DA44 /* Resources */,
			);
			buildRules = (
			);
			dependencies = (
			);
			name = StockRaven;
			productName = StockRaven;
			productReference = B0A65C2A2421E85400B8DA44 /* StockRaven.app */;
			productType = "com.apple.product-type.application";
		};
/* End PBXNativeTarget section */

/* Begin PBXProject section */
		B0A65C222421E85400B8DA44 /* Project object */ = {
			isa = PBXProject;
			attributes = {
				LastSwiftUpdateCheck = 1130;
				LastUpgradeCheck = 1130;
				ORGANIZATIONNAME = "Robert Canton";
				TargetAttributes = {
					B0A65C292421E85400B8DA44 = {
						CreatedOnToolsVersion = 11.3;
					};
				};
			};
			buildConfigurationList = B0A65C252421E85400B8DA44 /* Build configuration list for PBXProject "StockRaven" */;
			compatibilityVersion = "Xcode 9.3";
			developmentRegion = en;
			hasScannedForEncodings = 0;
			knownRegions = (
				en,
				Base,
			);
			mainGroup = B0A65C212421E85400B8DA44;
			productRefGroup = B0A65C2B2421E85400B8DA44 /* Products */;
			projectDirPath = "";
			projectRoot = "";
			targets = (
				B0A65C292421E85400B8DA44 /* StockRaven */,
			);
		};
/* End PBXProject section */

/* Begin PBXResourcesBuildPhase section */
		B0A65C282421E85400B8DA44 /* Resources */ = {
			isa = PBXResourcesBuildPhase;
			buildActionMask = 2147483647;
			files = (
				B0A65C3D2421E85700B8DA44 /* LaunchScreen.storyboard in Resources */,
				B0A65C3A2421E85700B8DA44 /* Assets.xcassets in Resources */,
				B0A65C352421E85400B8DA44 /* Main.storyboard in Resources */,
			);
			runOnlyForDeploymentPostprocessing = 0;
		};
/* End PBXResourcesBuildPhase section */

/* Begin PBXSourcesBuildPhase section */
		B0A65C262421E85400B8DA44 /* Sources */ = {
			isa = PBXSourcesBuildPhase;
			buildActionMask = 2147483647;
			files = (
				B0A65C322421E85400B8DA44 /* ViewController.swift in Sources */,
				B0A65C2E2421E85400B8DA44 /* AppDelegate.swift in Sources */,
				B0A65C302421E85400B8DA44 /* SceneDelegate.swift in Sources */,
				B0A65C382421E85400B8DA44 /* StockRaven.xcdatamodeld in Sources */,
			);
			runOnlyForDeploymentPostprocessing = 0;
		};
/* End PBXSourcesBuildPhase section */

/* Begin PBXVariantGroup section */
		B0A65C332421E85400B8DA44 /* Main.storyboard */ = {
			isa = PBXVariantGroup;
			children = (
				B0A65C342421E85400B8DA44 /* Base */,
			);
			name = Main.storyboard;
			sourceTree = "<group>";
		};
		B0A65C3B2421E85700B8DA44 /* LaunchScreen.storyboard */ = {
			isa = PBXVariantGroup;
			children = (
				B0A65C3C2421E85700B8DA44 /* Base */,
			);
			name = LaunchScreen.storyboard;
			sourceTree = "<group>";
		};
/* End PBXVariantGroup section */

/* Begin XCBuildConfiguration section */
		B0A65C3F2421E85700B8DA44 /* Debug */ = {
			isa = XCBuildConfiguration;
			buildSettings = {
				ALWAYS_SEARCH_USER_PATHS = NO;
				CLANG_ANALYZER_NONNULL = YES;
				CLANG_ANALYZER_NUMBER_OBJECT_CONVERSION = YES_AGGRESSIVE;
				CLANG_CXX_LANGUAGE_STANDARD = "gnu++14";
				CLANG_CXX_LIBRARY = "libc++";
				CLANG_ENABLE_MODULES = YES;
				CLANG_ENABLE_OBJC_ARC = YES;
				CLANG_ENABLE_OBJC_WEAK = YES;
				CLANG_WARN_BLOCK_CAPTURE_AUTORELEASING = YES;
				CLANG_WARN_BOOL_CONVERSION = YES;
				CLANG_WARN_COMMA = YES;
				CLANG_WARN_CONSTANT_CONVERSION = YES;
				CLANG_WARN_DEPRECATED_OBJC_IMPLEMENTATIONS = YES;
				CLANG_WARN_DIRECT_OBJC_ISA_USAGE = YES_ERROR;
				CLANG_WARN_DOCUMENTATION_COMMENTS = YES;
				CLANG_WARN_EMPTY_BODY = YES;
				CLANG_WARN_ENUM_CONVERSION = YES;
				CLANG_WARN_INFINITE_RECURSION = YES;
				CLANG_WARN_INT_CONVERSION = YES;
				CLANG_WARN_NON_LITERAL_NULL_CONVERSION = YES;
				CLANG_WARN_OBJC_IMPLICIT_RETAIN_SELF = YES;
				CLANG_WARN_OBJC_LITERAL_CONVERSION = YES;
				CLANG_WARN_OBJC_ROOT_CLASS = YES_ERROR;
				CLANG_WARN_RANGE_LOOP_ANALYSIS = YES;
				CLANG_WARN_STRICT_PROTOTYPES = YES;
				CLANG_WARN_SUSPICIOUS_MOVE = YES;
				CLANG_WARN_UNGUARDED_AVAILABILITY = YES_AGGRESSIVE;
				CLANG_WARN_UNREACHABLE_CODE = YES;
				CLANG_WARN__DUPLICATE_METHOD_MATCH = YES;
				COPY_PHASE_STRIP = NO;
				DEBUG_INFORMATION_FORMAT = dwarf;
				ENABLE_STRICT_OBJC_MSGSEND = YES;
				ENABLE_TESTABILITY = YES;
				GCC_C_LANGUAGE_STANDARD = gnu11;
				GCC_DYNAMIC_NO_PIC = NO;
				GCC_NO_COMMON_BLOCKS = YES;
				GCC_OPTIMIZATION_LEVEL = 0;
				GCC_PREPROCESSOR_DEFINITIONS = (
					"DEBUG=1",
					"$(inherited)",
				);
				GCC_WARN_64_TO_32_BIT_CONVERSION = YES;
				GCC_WARN_ABOUT_RETURN_TYPE = YES_ERROR;
				GCC_WARN_UNDECLARED_SELECTOR = YES;
				GCC_WARN_UNINITIALIZED_AUTOS = YES_AGGRESSIVE;
				GCC_WARN_UNUSED_FUNCTION = YES;
				GCC_WARN_UNUSED_VARIABLE = YES;
				IPHONEOS_DEPLOYMENT_TARGET = 13.2;
				MTL_ENABLE_DEBUG_INFO = INCLUDE_SOURCE;
				MTL_FAST_MATH = YES;
				ONLY_ACTIVE_ARCH = YES;
				SDKROOT = iphoneos;
				SWIFT_ACTIVE_COMPILATION_CONDITIONS = DEBUG;
				SWIFT_OPTIMIZATION_LEVEL = "-Onone";
			};
			name = Debug;
		};
		B0A65C402421E85700B8DA44 /* Release */ = {
			isa = XCBuildConfiguration;
			buildSettings = {
				ALWAYS_SEARCH_USER_PATHS = NO;
				CLANG_ANALYZER_NONNULL = YES;
				CLANG_ANALYZER_NUMBER_OBJECT_CONVERSION = YES_AGGRESSIVE;
				CLANG_CXX_LANGUAGE_STANDARD = "gnu++14";
				CLANG_CXX_LIBRARY = "libc++";
				CLANG_ENABLE_MODULES = YES;
				CLANG_ENABLE_OBJC_ARC = YES;
				CLANG_ENABLE_OBJC_WEAK = YES;
				CLANG_WARN_BLOCK_CAPTURE_AUTORELEASING = YES;
				CLANG_WARN_BOOL_CONVERSION = YES;
				CLANG_WARN_COMMA = YES;
				CLANG_WARN_CONSTANT_CONVERSION = YES;
				CLANG_WARN_DEPRECATED_OBJC_IMPLEMENTATIONS = YES;
				CLANG_WARN_DIRECT_OBJC_ISA_USAGE = YES_ERROR;
				CLANG_WARN_DOCUMENTATION_COMMENTS = YES;
				CLANG_WARN_EMPTY_BODY = YES;
				CLANG_WARN_ENUM_CONVERSION = YES;
				CLANG_WARN_INFINITE_RECURSION = YES;
				CLANG_WARN_INT_CONVERSION = YES;
				CLANG_WARN_NON_LITERAL_NULL_CONVERSION = YES;
				CLANG_WARN_OBJC_IMPLICIT_RETAIN_SELF = YES;
				CLANG_WARN_OBJC_LITERAL_CONVERSION = YES;
				CLANG_WARN_OBJC_ROOT_CLASS = YES_ERROR;
				CLANG_WARN_RANGE_LOOP_ANALYSIS = YES;
				CLANG_WARN_STRICT_PROTOTYPES = YES;
				CLANG_WARN_SUSPICIOUS_MOVE = YES;
				CLANG_WARN_UNGUARDED_AVAILABILITY = YES_AGGRESSIVE;
				CLANG_WARN_UNREACHABLE_CODE = YES;
				CLANG_WARN__DUPLICATE_METHOD_MATCH = YES;
				COPY_PHASE_STRIP = NO;
				DEBUG_INFORMATION_FORMAT = "dwarf-with-dsym";
				ENABLE_NS_ASSERTIONS = NO;
				ENABLE_STRICT_OBJC_MSGSEND = YES;
				GCC_C_LANGUAGE_STANDARD = gnu11;
				GCC_NO_COMMON_BLOCKS = YES;
				GCC_WARN_64_TO_32_BIT_CONVERSION = YES;
				GCC_WARN_ABOUT_RETURN_TYPE = YES_ERROR;
				GCC_WARN_UNDECLARED_SELECTOR = YES;
				GCC_WARN_UNINITIALIZED_AUTOS = YES_AGGRESSIVE;
				GCC_WARN_UNUSED_FUNCTION = YES;
				GCC_WARN_UNUSED_VARIABLE = YES;
				IPHONEOS_DEPLOYMENT_TARGET = 13.2;
				MTL_ENABLE_DEBUG_INFO = NO;
				MTL_FAST_MATH = YES;
				SDKROOT = iphoneos;
				SWIFT_COMPILATION_MODE = wholemodule;
				SWIFT_OPTIMIZATION_LEVEL = "-O";
				VALIDATE_PRODUCT = YES;
			};
			name = Release;
		};
		B0A65C422421E85700B8DA44 /* Debug */ = {
			isa = XCBuildConfiguration;
			buildSettings = {
				ASSETCATALOG_COMPILER_APPICON_NAME = AppIcon;
				CODE_SIGN_STYLE = Automatic;
				DEVELOPMENT_TEAM = 6BES3VUFCX;
				INFOPLIST_FILE = StockRaven/Info.plist;
				LD_RUNPATH_SEARCH_PATHS = (
					"$(inherited)",
					"@executable_path/Frameworks",
				);
				PRODUCT_BUNDLE_IDENTIFIER = com.robertcanton.StockRaven;
				PRODUCT_NAME = "$(TARGET_NAME)";
				SWIFT_VERSION = 5.0;
				TARGETED_DEVICE_FAMILY = "1,2";
			};
			name = Debug;
		};
		B0A65C432421E85700B8DA44 /* Release */ = {
			isa = XCBuildConfiguration;
			buildSettings = {
				ASSETCATALOG_COMPILER_APPICON_NAME = AppIcon;
				CODE_SIGN_STYLE = Automatic;
				DEVELOPMENT_TEAM = 6BES3VUFCX;
				INFOPLIST_FILE = StockRaven/Info.plist;
				LD_RUNPATH_SEARCH_PATHS = (
					"$(inherited)",
					"@executable_path/Frameworks",
				);
				PRODUCT_BUNDLE_IDENTIFIER = com.robertcanton.StockRaven;
				PRODUCT_NAME = "$(TARGET_NAME)";
				SWIFT_VERSION = 5.0;
				TARGETED_DEVICE_FAMILY = "1,2";
			};
			name = Release;
		};
/* End XCBuildConfiguration section */

/* Begin XCConfigurationList section */
		B0A65C252421E85400B8DA44 /* Build configuration list for PBXProject "StockRaven" */ = {
			isa = XCConfigurationList;
			buildConfigurations = (
				B0A65C3F2421E85700B8DA44 /* Debug */,
				B0A65C402421E85700B8DA44 /* Release */,
			);
			defaultConfigurationIsVisible = 0;
			defaultConfigurationName = Release;
		};
		B0A65C412421E85700B8DA44 /* Build configuration list for PBXNativeTarget "StockRaven" */ = {
			isa = XCConfigurationList;
			buildConfigurations = (
				B0A65C422421E85700B8DA44 /* Debug */,
				B0A65C432421E85700B8DA44 /* Release */,
			);
			defaultConfigurationIsVisible = 0;
			defaultConfigurationName = Release;
		};
/* End XCConfigurationList section */

/* Begin XCVersionGroup section */
		B0A65C362421E85400B8DA44 /* StockRaven.xcdatamodeld */ = {
			isa = XCVersionGroup;
			children = (
				B0A65C372421E85400B8DA44 /* StockRaven.xcdatamodel */,
			);
			currentVersion = B0A65C372421E85400B8DA44 /* StockRaven.xcdatamodel */;
			path = StockRaven.xcdatamodeld;
			sourceTree = "<group>";
			versionGroupType = wrapper.xcdatamodel;
		};
/* End XCVersionGroup section */
	};
	rootObject = B0A65C222421E85400B8DA44 /* Project object */;
}
